
Microsoft Visual Studio Solution File, Format Version 12.00
# Visual Studio Version 17
VisualStudioVersion = 17.2.32526.322
MinimumVisualStudioVersion = 10.0.40219.1
Project("{FAE04EC0-301F-11D3-BF4B-00C04F79EFBC}") = "MonitoringDll", "MonitoringDll.csproj", "{0A5DE074-E49F-459F-A1AB-DC2D1B999DC3}"
EndProject
Global
	GlobalSection(SolutionConfigurationPlatforms) = preSolution
		Debug|Any CPU = Debug|Any CPU
		Release|Any CPU = Release|Any CPU
	EndGlobalSection
	GlobalSection(ProjectConfigurationPlatforms) = postSolution
		{0A5DE074-E49F-459F-A1AB-DC2D1B999DC3}.Debug|Any CPU.ActiveCfg = Debug|Any CPU
		{0A5DE074-E49F-459F-A1AB-DC2D1B999DC3}.Debug|Any CPU.Build.0 = Debug|Any CPU
		{0A5DE074-E49F-459F-A1AB-DC2D1B999DC3}.Release|Any CPU.ActiveCfg = Release|Any CPU
		{0A5DE074-E49F-459F-A1AB-DC2D1B999DC3}.Release|Any CPU.Build.0 = Release|Any CPU
	EndGlobalSection
	GlobalSection(SolutionProperties) = preSolution
		HideSolutionNode = FALSE
	EndGlobalSection
	GlobalSection(ExtensibilityGlobals) = postSolution
		SolutionGuid = {41A54C3D-46DD-407C-83F9-8BE129A3B402}
	EndGlobalSection
EndGlobal
